
Microsoft Visual Studio Solution File, Format Version 12.00
# Visual Studio Version 17
VisualStudioVersion = 17.11.35208.52
MinimumVisualStudioVersion = 10.0.40219.1
Project("{9A19103F-16F7-4668-BE54-9A1E7A4F7556}") = "TutorApp", "TutorApp\TutorApp.csproj", "{66F8FD8A-04D1-48E8-BECC-F92D36D6FFAA}"
EndProject
Project("{9A19103F-16F7-4668-BE54-9A1E7A4F7556}") = "Models", "Models\Models.csproj", "{5E315180-E896-4662-974F-B14240BA43DA}"
EndProject
Project("{9A19103F-16F7-4668-BE54-9A1E7A4F7556}") = "Repositories", "Repositories\Repositories.csproj", "{F9E35113-36B0-47FA-8784-51BCF816AD79}"
EndProject
Project("{FAE04EC0-301F-11D3-BF4B-00C04F79EFBC}") = "Services", "Services\Services.csproj", "{5783E13C-DE3E-4CF8-BBA8-8D740BEA942A}"
EndProject
Global
	GlobalSection(SolutionConfigurationPlatforms) = preSolution
		Debug|Any CPU = Debug|Any CPU
		Release|Any CPU = Release|Any CPU
	EndGlobalSection
	GlobalSection(ProjectConfigurationPlatforms) = postSolution
		{66F8FD8A-04D1-48E8-BECC-F92D36D6FFAA}.Debug|Any CPU.ActiveCfg = Debug|Any CPU
		{66F8FD8A-04D1-48E8-BECC-F92D36D6FFAA}.Debug|Any CPU.Build.0 = Debug|Any CPU
		{66F8FD8A-04D1-48E8-BECC-F92D36D6FFAA}.Release|Any CPU.ActiveCfg = Release|Any CPU
		{66F8FD8A-04D1-48E8-BECC-F92D36D6FFAA}.Release|Any CPU.Build.0 = Release|Any CPU
		{5E315180-E896-4662-974F-B14240BA43DA}.Debug|Any CPU.ActiveCfg = Debug|Any CPU
		{5E315180-E896-4662-974F-B14240BA43DA}.Debug|Any CPU.Build.0 = Debug|Any CPU
		{5E315180-E896-4662-974F-B14240BA43DA}.Release|Any CPU.ActiveCfg = Release|Any CPU
		{5E315180-E896-4662-974F-B14240BA43DA}.Release|Any CPU.Build.0 = Release|Any CPU
		{F9E35113-36B0-47FA-8784-51BCF816AD79}.Debug|Any CPU.ActiveCfg = Debug|Any CPU
		{F9E35113-36B0-47FA-8784-51BCF816AD79}.Debug|Any CPU.Build.0 = Debug|Any CPU
		{F9E35113-36B0-47FA-8784-51BCF816AD79}.Release|Any CPU.ActiveCfg = Release|Any CPU
		{F9E35113-36B0-47FA-8784-51BCF816AD79}.Release|Any CPU.Build.0 = Release|Any CPU
		{5783E13C-DE3E-4CF8-BBA8-8D740BEA942A}.Debug|Any CPU.ActiveCfg = Debug|Any CPU
		{5783E13C-DE3E-4CF8-BBA8-8D740BEA942A}.Debug|Any CPU.Build.0 = Debug|Any CPU
		{5783E13C-DE3E-4CF8-BBA8-8D740BEA942A}.Release|Any CPU.ActiveCfg = Release|Any CPU
		{5783E13C-DE3E-4CF8-BBA8-8D740BEA942A}.Release|Any CPU.Build.0 = Release|Any CPU
	EndGlobalSection
	GlobalSection(SolutionProperties) = preSolution
		HideSolutionNode = FALSE
	EndGlobalSection
	GlobalSection(ExtensibilityGlobals) = postSolution
		SolutionGuid = {B2C14D7A-2A22-454E-959B-809C9551CF72}
	EndGlobalSection
EndGlobal
